// !$*UTF8*$!
{
	archiveVersion = 1;
	classes = {
	};
	objectVersion = 50;
	objects = {

/* Begin PBXBuildFile section */
		CDC840BD21D4B9FD004A04EA /* AppDelegate.m in Sources */ = {isa = PBXBuildFile; fileRef = CDC840BC21D4B9FD004A04EA /* AppDelegate.m */; };
		CDC840C021D4B9FD004A04EA /* ViewController.m in Sources */ = {isa = PBXBuildFile; fileRef = CDC840BF21D4B9FD004A04EA /* ViewController.m */; };
		CDC840C321D4B9FD004A04EA /* Main.storyboard in Resources */ = {isa = PBXBuildFile; fileRef = CDC840C121D4B9FD004A04EA /* Main.storyboard */; };
		CDC840C521D4B9FF004A04EA /* Assets.xcassets in Resources */ = {isa = PBXBuildFile; fileRef = CDC840C421D4B9FF004A04EA /* Assets.xcassets */; };
		CDC840C821D4B9FF004A04EA /* LaunchScreen.storyboard in Resources */ = {isa = PBXBuildFile; fileRef = CDC840C621D4B9FF004A04EA /* LaunchScreen.storyboard */; };
		CDC840CB21D4B9FF004A04EA /* main.m in Sources */ = {isa = PBXBuildFile; fileRef = CDC840CA21D4B9FF004A04EA /* main.m */; };
		CDC840D421D4BA25004A04EA /* Animal.m in Sources */ = {isa = PBXBuildFile; fileRef = CDC840D321D4BA25004A04EA /* Animal.m */; };
		CDC840D721D4BA38004A04EA /* Cat.m in Sources */ = {isa = PBXBuildFile; fileRef = CDC840D621D4BA38004A04EA /* Cat.m */; };
/* End PBXBuildFile section */

/* Begin PBXFileReference section */
		CDC840B821D4B9FD004A04EA /* TestDemo.app */ = {isa = PBXFileReference; explicitFileType = wrapper.application; includeInIndex = 0; path = TestDemo.app; sourceTree = BUILT_PRODUCTS_DIR; };
		CDC840BB21D4B9FD004A04EA /* AppDelegate.h */ = {isa = PBXFileReference; lastKnownFileType = sourcecode.c.h; path = AppDelegate.h; sourceTree = "<group>"; };
		CDC840BC21D4B9FD004A04EA /* AppDelegate.m */ = {isa = PBXFileReference; lastKnownFileType = sourcecode.c.objc; path = AppDelegate.m; sourceTree = "<group>"; };
		CDC840BE21D4B9FD004A04EA /* ViewController.h */ = {isa = PBXFileReference; lastKnownFileType = sourcecode.c.h; path = ViewController.h; sourceTree = "<group>"; };
		CDC840BF21D4B9FD004A04EA /* ViewController.m */ = {isa = PBXFileReference; lastKnownFileType = sourcecode.c.objc; path = ViewController.m; sourceTree = "<group>"; };
		CDC840C221D4B9FD004A04EA /* Base */ = {isa = PBXFileReference; lastKnownFileType = file.storyboard; name = Base; path = Base.lproj/Main.storyboard; sourceTree = "<group>"; };
		CDC840C421D4B9FF004A04EA /* Assets.xcassets */ = {isa = PBXFileReference; lastKnownFileType = folder.assetcatalog; path = Assets.xcassets; sourceTree = "<group>"; };
		CDC840C721D4B9FF004A04EA /* Base */ = {isa = PBXFileReference; lastKnownFileType = file.storyboard; name = Base; path = Base.lproj/LaunchScreen.storyboard; sourceTree = "<group>"; };
		CDC840C921D4B9FF004A04EA /* Info.plist */ = {isa = PBXFileReference; lastKnownFileType = text.plist.xml; path = Info.plist; sourceTree = "<group>"; };
		CDC840CA21D4B9FF004A04EA /* main.m */ = {isa = PBXFileReference; lastKnownFileType = sourcecode.c.objc; path = main.m; sourceTree = "<group>"; };
		CDC840D221D4BA25004A04EA /* Animal.h */ = {isa = PBXFileReference; lastKnownFileType = sourcecode.c.h; path = Animal.h; sourceTree = "<group>"; };
		CDC840D321D4BA25004A04EA /* Animal.m */ = {isa = PBXFileReference; lastKnownFileType = sourcecode.c.objc; path = Animal.m; sourceTree = "<group>"; };
		CDC840D521D4BA38004A04EA /* Cat.h */ = {isa = PBXFileReference; lastKnownFileType = sourcecode.c.h; path = Cat.h; sourceTree = "<group>"; };
		CDC840D621D4BA38004A04EA /* Cat.m */ = {isa = PBXFileReference; lastKnownFileType = sourcecode.c.objc; path = Cat.m; sourceTree = "<group>"; };
/* End PBXFileReference section */

/* Begin PBXFrameworksBuildPhase section */
		CDC840B521D4B9FD004A04EA /* Frameworks */ = {
			isa = PBXFrameworksBuildPhase;
			buildActionMask = 2147483647;
			files = (
			);
			runOnlyForDeploymentPostprocessing = 0;
		};
/* End PBXFrameworksBuildPhase section */

/* Begin PBXGroup section */
		CDC840AF21D4B9FD004A04EA = {
			isa = PBXGroup;
			children = (
				CDC840D121D4BA17004A04EA /* SDK */,
				CDC840BA21D4B9FD004A04EA /* TestDemo */,
				CDC840B921D4B9FD004A04EA /* Products */,
			);
			sourceTree = "<group>";
		};
		CDC840B921D4B9FD004A04EA /* Products */ = {
			isa = PBXGroup;
			children = (
				CDC840B821D4B9FD004A04EA /* TestDemo.app */,
			);
			name = Products;
			sourceTree = "<group>";
		};
		CDC840BA21D4B9FD004A04EA /* TestDemo */ = {
			isa = PBXGroup;
			children = (
				CDC840BB21D4B9FD004A04EA /* AppDelegate.h */,
				CDC840BC21D4B9FD004A04EA /* AppDelegate.m */,
				CDC840BE21D4B9FD004A04EA /* ViewController.h */,
				CDC840BF21D4B9FD004A04EA /* ViewController.m */,
				CDC840C121D4B9FD004A04EA /* Main.storyboard */,
				CDC840C421D4B9FF004A04EA /* Assets.xcassets */,
				CDC840C621D4B9FF004A04EA /* LaunchScreen.storyboard */,
				CDC840C921D4B9FF004A04EA /* Info.plist */,
				CDC840CA21D4B9FF004A04EA /* main.m */,
			);
			path = TestDemo;
			sourceTree = "<group>";
		};
		CDC840D121D4BA17004A04EA /* SDK */ = {
			isa = PBXGroup;
			children = (
				CDC840D221D4BA25004A04EA /* Animal.h */,
				CDC840D321D4BA25004A04EA /* Animal.m */,
				CDC840D521D4BA38004A04EA /* Cat.h */,
				CDC840D621D4BA38004A04EA /* Cat.m */,
			);
			path = SDK;
			sourceTree = "<group>";
		};
/* End PBXGroup section */

/* Begin PBXNativeTarget section */
		CDC840B721D4B9FD004A04EA /* TestDemo */ = {
			isa = PBXNativeTarget;
			buildConfigurationList = CDC840CE21D4B9FF004A04EA /* Build configuration list for PBXNativeTarget "TestDemo" */;
			buildPhases = (
				CDC840B421D4B9FD004A04EA /* Sources */,
				CDC840B521D4B9FD004A04EA /* Frameworks */,
				CDC840B621D4B9FD004A04EA /* Resources */,
			);
			buildRules = (
			);
			dependencies = (
			);
			name = TestDemo;
			productName = TestDemo;
			productReference = CDC840B821D4B9FD004A04EA /* TestDemo.app */;
			productType = "com.apple.product-type.application";
		};
/* End PBXNativeTarget section */

/* Begin PBXProject section */
		CDC840B021D4B9FD004A04EA /* Project object */ = {
			isa = PBXProject;
			attributes = {
				LastUpgradeCheck = 1000;
				ORGANIZATIONNAME = "戴惠香";
				TargetAttributes = {
					CDC840B721D4B9FD004A04EA = {
						CreatedOnToolsVersion = 10.0;
					};
				};
			};
			buildConfigurationList = CDC840B321D4B9FD004A04EA /* Build configuration list for PBXProject "TestDemo" */;
			compatibilityVersion = "Xcode 9.3";
			developmentRegion = en;
			hasScannedForEncodings = 0;
			knownRegions = (
				en,
				Base,
			);
			mainGroup = CDC840AF21D4B9FD004A04EA;
			productRefGroup = CDC840B921D4B9FD004A04EA /* Products */;
			projectDirPath = "";
			projectRoot = "";
			targets = (
				CDC840B721D4B9FD004A04EA /* TestDemo */,
			);
		};
/* End PBXProject section */

/* Begin PBXResourcesBuildPhase section */
		CDC840B621D4B9FD004A04EA /* Resources */ = {
			isa = PBXResourcesBuildPhase;
			buildActionMask = 2147483647;
			files = (
				CDC840C821D4B9FF004A04EA /* LaunchScreen.storyboard in Resources */,
				CDC840C521D4B9FF004A04EA /* Assets.xcassets in Resources */,
				CDC840C321D4B9FD004A04EA /* Main.storyboard in Resources */,
			);
			runOnlyForDeploymentPostprocessing = 0;
		};
/* End PBXResourcesBuildPhase section */

/* Begin PBXSourcesBuildPhase section */
		CDC840B421D4B9FD004A04EA /* Sources */ = {
			isa = PBXSourcesBuildPhase;
			buildActionMask = 2147483647;
			files = (
				CDC840C021D4B9FD004A04EA /* ViewController.m in Sources */,
				CDC840D421D4BA25004A04EA /* Animal.m in Sources */,
				CDC840CB21D4B9FF004A04EA /* main.m in Sources */,
				CDC840BD21D4B9FD004A04EA /* AppDelegate.m in Sources */,
				CDC840D721D4BA38004A04EA /* Cat.m in Sources */,
			);
			runOnlyForDeploymentPostprocessing = 0;
		};
/* End PBXSourcesBuildPhase section */

/* Begin PBXVariantGroup section */
		CDC840C121D4B9FD004A04EA /* Main.storyboard */ = {
			isa = PBXVariantGroup;
			children = (
				CDC840C221D4B9FD004A04EA /* Base */,
			);
			name = Main.storyboard;
			sourceTree = "<group>";
		};
		CDC840C621D4B9FF004A04EA /* LaunchScreen.storyboard */ = {
			isa = PBXVariantGroup;
			children = (
				CDC840C721D4B9FF004A04EA /* Base */,
			);
			name = LaunchScreen.storyboard;
			sourceTree = "<group>";
		};
/* End PBXVariantGroup section */

/* Begin XCBuildConfiguration section */
		CDC840CC21D4B9FF004A04EA /* Debug */ = {
			isa = XCBuildConfiguration;
			buildSettings = {
				ALWAYS_SEARCH_USER_PATHS = NO;
				CLANG_ANALYZER_NONNULL = YES;
				CLANG_ANALYZER_NUMBER_OBJECT_CONVERSION = YES_AGGRESSIVE;
				CLANG_CXX_LANGUAGE_STANDARD = "gnu++14";
				CLANG_CXX_LIBRARY = "libc++";
				CLANG_ENABLE_MODULES = YES;
				CLANG_ENABLE_OBJC_ARC = YES;
				CLANG_ENABLE_OBJC_WEAK = YES;
				CLANG_WARN_BLOCK_CAPTURE_AUTORELEASING = YES;
				CLANG_WARN_BOOL_CONVERSION = YES;
				CLANG_WARN_COMMA = YES;
				CLANG_WARN_CONSTANT_CONVERSION = YES;
				CLANG_WARN_DEPRECATED_OBJC_IMPLEMENTATIONS = YES;
				CLANG_WARN_DIRECT_OBJC_ISA_USAGE = YES_ERROR;
				CLANG_WARN_DOCUMENTATION_COMMENTS = YES;
				CLANG_WARN_EMPTY_BODY = YES;
				CLANG_WARN_ENUM_CONVERSION = YES;
				CLANG_WARN_INFINITE_RECURSION = YES;
				CLANG_WARN_INT_CONVERSION = YES;
				CLANG_WARN_NON_LITERAL_NULL_CONVERSION = YES;
				CLANG_WARN_OBJC_IMPLICIT_RETAIN_SELF = YES;
				CLANG_WARN_OBJC_LITERAL_CONVERSION = YES;
				CLANG_WARN_OBJC_ROOT_CLASS = YES_ERROR;
				CLANG_WARN_RANGE_LOOP_ANALYSIS = YES;
				CLANG_WARN_STRICT_PROTOTYPES = YES;
				CLANG_WARN_SUSPICIOUS_MOVE = YES;
				CLANG_WARN_UNGUARDED_AVAILABILITY = YES_AGGRESSIVE;
				CLANG_WARN_UNREACHABLE_CODE = YES;
				CLANG_WARN__DUPLICATE_METHOD_MATCH = YES;
				CODE_SIGN_IDENTITY = "iPhone Developer";
				COPY_PHASE_STRIP = NO;
				DEBUG_INFORMATION_FORMAT = dwarf;
				ENABLE_STRICT_OBJC_MSGSEND = YES;
				ENABLE_TESTABILITY = YES;
				GCC_C_LANGUAGE_STANDARD = gnu11;
				GCC_DYNAMIC_NO_PIC = NO;
				GCC_NO_COMMON_BLOCKS = YES;
				GCC_OPTIMIZATION_LEVEL = 0;
				GCC_PREPROCESSOR_DEFINITIONS = (
					"DEBUG=1",
					"$(inherited)",
				);
				GCC_WARN_64_TO_32_BIT_CONVERSION = YES;
				GCC_WARN_ABOUT_RETURN_TYPE = YES_ERROR;
				GCC_WARN_UNDECLARED_SELECTOR = YES;
				GCC_WARN_UNINITIALIZED_AUTOS = YES_AGGRESSIVE;
				GCC_WARN_UNUSED_FUNCTION = YES;
				GCC_WARN_UNUSED_VARIABLE = YES;
				IPHONEOS_DEPLOYMENT_TARGET = 12.0;
				MTL_ENABLE_DEBUG_INFO = INCLUDE_SOURCE;
				MTL_FAST_MATH = YES;
				ONLY_ACTIVE_ARCH = YES;
				SDKROOT = iphoneos;
			};
			name = Debug;
		};
		CDC840CD21D4B9FF004A04EA /* Release */ = {
			isa = XCBuildConfiguration;
			buildSettings = {
				ALWAYS_SEARCH_USER_PATHS = NO;
				CLANG_ANALYZER_NONNULL = YES;
				CLANG_ANALYZER_NUMBER_OBJECT_CONVERSION = YES_AGGRESSIVE;
				CLANG_CXX_LANGUAGE_STANDARD = "gnu++14";
				CLANG_CXX_LIBRARY = "libc++";
				CLANG_ENABLE_MODULES = YES;
				CLANG_ENABLE_OBJC_ARC = YES;
				CLANG_ENABLE_OBJC_WEAK = YES;
				CLANG_WARN_BLOCK_CAPTURE_AUTORELEASING = YES;
				CLANG_WARN_BOOL_CONVERSION = YES;
				CLANG_WARN_COMMA = YES;
				CLANG_WARN_CONSTANT_CONVERSION = YES;
				CLANG_WARN_DEPRECATED_OBJC_IMPLEMENTATIONS = YES;
				CLANG_WARN_DIRECT_OBJC_ISA_USAGE = YES_ERROR;
				CLANG_WARN_DOCUMENTATION_COMMENTS = YES;
				CLANG_WARN_EMPTY_BODY = YES;
				CLANG_WARN_ENUM_CONVERSION = YES;
				CLANG_WARN_INFINITE_RECURSION = YES;
				CLANG_WARN_INT_CONVERSION = YES;
				CLANG_WARN_NON_LITERAL_NULL_CONVERSION = YES;
				CLANG_WARN_OBJC_IMPLICIT_RETAIN_SELF = YES;
				CLANG_WARN_OBJC_LITERAL_CONVERSION = YES;
				CLANG_WARN_OBJC_ROOT_CLASS = YES_ERROR;
				CLANG_WARN_RANGE_LOOP_ANALYSIS = YES;
				CLANG_WARN_STRICT_PROTOTYPES = YES;
				CLANG_WARN_SUSPICIOUS_MOVE = YES;
				CLANG_WARN_UNGUARDED_AVAILABILITY = YES_AGGRESSIVE;
				CLANG_WARN_UNREACHABLE_CODE = YES;
				CLANG_WARN__DUPLICATE_METHOD_MATCH = YES;
				CODE_SIGN_IDENTITY = "iPhone Developer";
				COPY_PHASE_STRIP = NO;
				DEBUG_INFORMATION_FORMAT = "dwarf-with-dsym";
				ENABLE_NS_ASSERTIONS = NO;
				ENABLE_STRICT_OBJC_MSGSEND = YES;
				GCC_C_LANGUAGE_STANDARD = gnu11;
				GCC_NO_COMMON_BLOCKS = YES;
				GCC_WARN_64_TO_32_BIT_CONVERSION = YES;
				GCC_WARN_ABOUT_RETURN_TYPE = YES_ERROR;
				GCC_WARN_UNDECLARED_SELECTOR = YES;
				GCC_WARN_UNINITIALIZED_AUTOS = YES_AGGRESSIVE;
				GCC_WARN_UNUSED_FUNCTION = YES;
				GCC_WARN_UNUSED_VARIABLE = YES;
				IPHONEOS_DEPLOYMENT_TARGET = 12.0;
				MTL_ENABLE_DEBUG_INFO = NO;
				MTL_FAST_MATH = YES;
				SDKROOT = iphoneos;
				VALIDATE_PRODUCT = YES;
			};
			name = Release;
		};
		CDC840CF21D4B9FF004A04EA /* Debug */ = {
			isa = XCBuildConfiguration;
			buildSettings = {
				ASSETCATALOG_COMPILER_APPICON_NAME = AppIcon;
				CODE_SIGN_STYLE = Automatic;
				INFOPLIST_FILE = TestDemo/Info.plist;
				LD_RUNPATH_SEARCH_PATHS = (
					"$(inherited)",
					"@executable_path/Frameworks",
				);
				PRODUCT_BUNDLE_IDENTIFIER = com.meetyou.TestDemo;
				PRODUCT_NAME = "$(TARGET_NAME)";
				TARGETED_DEVICE_FAMILY = "1,2";
			};
			name = Debug;
		};
		CDC840D021D4B9FF004A04EA /* Release */ = {
			isa = XCBuildConfiguration;
			buildSettings = {
				ASSETCATALOG_COMPILER_APPICON_NAME = AppIcon;
				CODE_SIGN_STYLE = Automatic;
				INFOPLIST_FILE = TestDemo/Info.plist;
				LD_RUNPATH_SEARCH_PATHS = (
					"$(inherited)",
					"@executable_path/Frameworks",
				);
				PRODUCT_BUNDLE_IDENTIFIER = com.meetyou.TestDemo;
				PRODUCT_NAME = "$(TARGET_NAME)";
				TARGETED_DEVICE_FAMILY = "1,2";
			};
			name = Release;
		};
/* End XCBuildConfiguration section */

/* Begin XCConfigurationList section */
		CDC840B321D4B9FD004A04EA /* Build configuration list for PBXProject "TestDemo" */ = {
			isa = XCConfigurationList;
			buildConfigurations = (
				CDC840CC21D4B9FF004A04EA /* Debug */,
				CDC840CD21D4B9FF004A04EA /* Release */,
			);
			defaultConfigurationIsVisible = 0;
			defaultConfigurationName = Release;
		};
		CDC840CE21D4B9FF004A04EA /* Build configuration list for PBXNativeTarget "TestDemo" */ = {
			isa = XCConfigurationList;
			buildConfigurations = (
				CDC840CF21D4B9FF004A04EA /* Debug */,
				CDC840D021D4B9FF004A04EA /* Release */,
			);
			defaultConfigurationIsVisible = 0;
			defaultConfigurationName = Release;
		};
/* End XCConfigurationList section */
	};
	rootObject = CDC840B021D4B9FD004A04EA /* Project object */;
}
